
Microsoft Visual Studio Solution File, Format Version 11.00
# Visual Studio 2010
Project("{FAE04EC0-301F-11D3-BF4B-00C04F79EFBC}") = "MetroUiToolkit", "MetroUiToolkit\MetroUiToolkit.csproj", "{B334BBB1-FE9C-4B58-9E5B-088B7C6BE718}"
EndProject
Project("{FAE04EC0-301F-11D3-BF4B-00C04F79EFBC}") = "MetroDemo", "..\MetroDemo\MetroDemo.csproj", "{AF745428-4A0F-4347-8797-3C6FEEB7D99F}"
EndProject
Global
	GlobalSection(SolutionConfigurationPlatforms) = preSolution
		Debug|Any CPU = Debug|Any CPU
		Debug|Mixed Platforms = Debug|Mixed Platforms
		Debug|x86 = Debug|x86
		Release|Any CPU = Release|Any CPU
		Release|Mixed Platforms = Release|Mixed Platforms
		Release|x86 = Release|x86
	EndGlobalSection
	GlobalSection(ProjectConfigurationPlatforms) = postSolution
		{B334BBB1-FE9C-4B58-9E5B-088B7C6BE718}.Debug|Any CPU.ActiveCfg = Debug|Any CPU
		{B334BBB1-FE9C-4B58-9E5B-088B7C6BE718}.Debug|Any CPU.Build.0 = Debug|Any CPU
		{B334BBB1-FE9C-4B58-9E5B-088B7C6BE718}.Debug|Mixed Platforms.ActiveCfg = Debug|Any CPU
		{B334BBB1-FE9C-4B58-9E5B-088B7C6BE718}.Debug|Mixed Platforms.Build.0 = Debug|Any CPU
		{B334BBB1-FE9C-4B58-9E5B-088B7C6BE718}.Debug|x86.ActiveCfg = Debug|Any CPU
		{B334BBB1-FE9C-4B58-9E5B-088B7C6BE718}.Release|Any CPU.ActiveCfg = Release|Any CPU
		{B334BBB1-FE9C-4B58-9E5B-088B7C6BE718}.Release|Any CPU.Build.0 = Release|Any CPU
		{B334BBB1-FE9C-4B58-9E5B-088B7C6BE718}.Release|Mixed Platforms.ActiveCfg = Release|Any CPU
		{B334BBB1-FE9C-4B58-9E5B-088B7C6BE718}.Release|Mixed Platforms.Build.0 = Release|Any CPU
		{B334BBB1-FE9C-4B58-9E5B-088B7C6BE718}.Release|x86.ActiveCfg = Release|Any CPU
		{AF745428-4A0F-4347-8797-3C6FEEB7D99F}.Debug|Any CPU.ActiveCfg = Debug|x86
		{AF745428-4A0F-4347-8797-3C6FEEB7D99F}.Debug|Mixed Platforms.ActiveCfg = Debug|x86
		{AF745428-4A0F-4347-8797-3C6FEEB7D99F}.Debug|Mixed Platforms.Build.0 = Debug|x86
		{AF745428-4A0F-4347-8797-3C6FEEB7D99F}.Debug|x86.ActiveCfg = Debug|x86
		{AF745428-4A0F-4347-8797-3C6FEEB7D99F}.Debug|x86.Build.0 = Debug|x86
		{AF745428-4A0F-4347-8797-3C6FEEB7D99F}.Release|Any CPU.ActiveCfg = Release|x86
		{AF745428-4A0F-4347-8797-3C6FEEB7D99F}.Release|Mixed Platforms.ActiveCfg = Release|x86
		{AF745428-4A0F-4347-8797-3C6FEEB7D99F}.Release|Mixed Platforms.Build.0 = Release|x86
		{AF745428-4A0F-4347-8797-3C6FEEB7D99F}.Release|x86.ActiveCfg = Release|x86
		{AF745428-4A0F-4347-8797-3C6FEEB7D99F}.Release|x86.Build.0 = Release|x86
	EndGlobalSection
	GlobalSection(SolutionProperties) = preSolution
		HideSolutionNode = FALSE
	EndGlobalSection
EndGlobal
